
Microsoft Visual Studio Solution File, Format Version 12.00
# Visual Studio 15
VisualStudioVersion = 15.0.28307.960
MinimumVisualStudioVersion = 10.0.40219.1
Project("{FAE04EC0-301F-11D3-BF4B-00C04F79EFBC}") = "StringReversal", "LearnSmck\StringReversal.csproj", "{2C76605D-364F-4DA2-BC6C-04E55F88A17F}"
EndProject
Project("{FAE04EC0-301F-11D3-BF4B-00C04F79EFBC}") = "ArraySum", "ArrAdd\ArraySum.csproj", "{3A7158C1-D020-4257-BEE3-5E8B81AC57B7}"
EndProject
Project("{FAE04EC0-301F-11D3-BF4B-00C04F79EFBC}") = "CompareTheTriplets", "CompareList\CompareTheTriplets.csproj", "{1423CABF-9128-4EC7-AC6F-BD2849094F99}"
EndProject
Project("{FAE04EC0-301F-11D3-BF4B-00C04F79EFBC}") = "ArrDiagSum", "ArrDiagSum\ArrDiagSum.csproj", "{8641AFA6-1887-4398-B16B-367BCC69E222}"
EndProject
Project("{FAE04EC0-301F-11D3-BF4B-00C04F79EFBC}") = "PlusMInus", "ArrDivide\PlusMInus.csproj", "{587B37DD-F60C-4232-85ED-740A486520ED}"
EndProject
Project("{FAE04EC0-301F-11D3-BF4B-00C04F79EFBC}") = "RevStairCase", "RevStairCase\RevStairCase.csproj", "{DCFC4EAE-3AFB-48D1-97A9-67FA1F36B679}"
EndProject
Project("{FAE04EC0-301F-11D3-BF4B-00C04F79EFBC}") = "MiniMax", "ArrCalc\MiniMax.csproj", "{3A7E8713-82AA-4DEF-9A7D-2E4A1F94D55F}"
EndProject
Project("{FAE04EC0-301F-11D3-BF4B-00C04F79EFBC}") = "ArrayCount", "ArrayCount\ArrayCount.csproj", "{052A90A2-7935-4633-9318-E8F2372D9EA5}"
EndProject
Project("{FAE04EC0-301F-11D3-BF4B-00C04F79EFBC}") = "12Hrs224Hrs", "12Hrs224Hrs\12Hrs224Hrs.csproj", "{06BD4A79-BC81-446F-9B46-F9CEE77C9A09}"
EndProject
Project("{FAE04EC0-301F-11D3-BF4B-00C04F79EFBC}") = "Age", "Age\Age.csproj", "{82C658B0-C6C2-49CB-81F8-AB98B1A74BC9}"
EndProject
Project("{FAE04EC0-301F-11D3-BF4B-00C04F79EFBC}") = "ArrRanking", "ArrRanking\ArrRanking.csproj", "{96D8AF99-3CC1-48E8-BAE6-5EB3036C6813}"
EndProject
Project("{FAE04EC0-301F-11D3-BF4B-00C04F79EFBC}") = "EvenOddString", "EvenOddString\EvenOddString.csproj", "{9F97D892-5D9E-425E-B452-027D6F3BEED9}"
EndProject
Project("{FAE04EC0-301F-11D3-BF4B-00C04F79EFBC}") = "Dictionary", "Dictionary\Dictionary.csproj", "{2A9ED0EC-6D32-499B-AF87-219068F9F894}"
EndProject
Project("{FAE04EC0-301F-11D3-BF4B-00C04F79EFBC}") = "SuperReducedString", "SuperReducedString\SuperReducedString.csproj", "{75505183-D584-4C9A-A5A8-AF5112F8EB35}"
EndProject
Project("{FAE04EC0-301F-11D3-BF4B-00C04F79EFBC}") = "Binary", "Binary\Binary.csproj", "{CD85F47F-7E39-4721-97E9-7A0AB39D1828}"
EndProject
Project("{FAE04EC0-301F-11D3-BF4B-00C04F79EFBC}") = "ArrayHourGlass", "ArrayHourGlass\ArrayHourGlass.csproj", "{362BED80-9878-48B7-836E-D1B9F4AD3423}"
EndProject
Project("{FAE04EC0-301F-11D3-BF4B-00C04F79EFBC}") = "BinarySearch", "BinarySearch\BinarySearch.csproj", "{80963FFD-A7C7-482F-B715-8A7D666F644C}"
EndProject
Project("{FAE04EC0-301F-11D3-BF4B-00C04F79EFBC}") = "LinearSearch", "LinearSearch\LinearSearch.csproj", "{70BB35E0-3F55-4155-9EEF-563172D89A5F}"
EndProject
Project("{FAE04EC0-301F-11D3-BF4B-00C04F79EFBC}") = "LinearSearchString", "LinearSearchString\LinearSearchString.csproj", "{E74E54B3-5EF1-4BF7-9AD3-63B6967F8081}"
EndProject
Project("{FAE04EC0-301F-11D3-BF4B-00C04F79EFBC}") = "DayOfProgrammer", "DayOfProgrammer\DayOfProgrammer.csproj", "{5101C9BE-35D4-4AE8-8813-4E03A3DA478B}"
EndProject
Project("{FAE04EC0-301F-11D3-BF4B-00C04F79EFBC}") = "BonAppetit", "BonAppetit\BonAppetit.csproj", "{C7316668-FF05-4F4B-808E-97BC91392CE1}"
EndProject
Project("{FAE04EC0-301F-11D3-BF4B-00C04F79EFBC}") = "SockMerchant", "SockMerchant\SockMerchant.csproj", "{223E32B1-7D22-459D-8B1D-7CAD390C2737}"
EndProject
Project("{FAE04EC0-301F-11D3-BF4B-00C04F79EFBC}") = "MarsExploration", "MarsExploration\MarsExploration.csproj", "{E6463424-C952-41E9-A9B0-AE0E99502827}"
EndProject
Project("{FAE04EC0-301F-11D3-BF4B-00C04F79EFBC}") = "HackerRankInAString", "HackerRankInAString\HackerRankInAString.csproj", "{896F8733-B13A-43DD-A864-03FC8B610EA5}"
EndProject
Project("{FAE04EC0-301F-11D3-BF4B-00C04F79EFBC}") = "Pangram", "Pangram\Pangram.csproj", "{E05DDE53-B6A9-4B02-BDD1-CDC258105E9E}"
EndProject
Project("{FAE04EC0-301F-11D3-BF4B-00C04F79EFBC}") = "StrongPassword", "StrongPassword\StrongPassword.csproj", "{9B7DA857-699B-49E9-BC5C-2441BC2F5B8C}"
EndProject
Project("{FAE04EC0-301F-11D3-BF4B-00C04F79EFBC}") = "CeaserChiper", "CeaserChiper\CeaserChiper.csproj", "{EB6B5FE9-AA92-4332-BCCB-D04A692CFBF5}"
EndProject
Project("{FAE04EC0-301F-11D3-BF4B-00C04F79EFBC}") = "ArrLeftShift", "ArrReversal\ArrLeftShift.csproj", "{4E4D72CC-E852-4110-91D0-2A3E480A430A}"
EndProject
Project("{FAE04EC0-301F-11D3-BF4B-00C04F79EFBC}") = "ArrayReversal", "ArrayReversal\ArrayReversal.csproj", "{6422CC38-F4A6-4403-93FE-4BF228EF1C01}"
EndProject
Project("{FAE04EC0-301F-11D3-BF4B-00C04F79EFBC}") = "ArrRotation", "ArrRotation\ArrRotation.csproj", "{49BBF927-4A66-4603-9AA0-FE2D03CC1C76}"
EndProject
Project("{FAE04EC0-301F-11D3-BF4B-00C04F79EFBC}") = "BubbleSort", "BubleSort\BubbleSort.csproj", "{A41E3414-4443-4816-8E3C-40813F50677B}"
EndProject
Project("{FAE04EC0-301F-11D3-BF4B-00C04F79EFBC}") = "LinkedList", "LinkedList\LinkedList.csproj", "{91371575-EE53-49D4-A573-C580F4B2D1B7}"
EndProject
Project("{FAE04EC0-301F-11D3-BF4B-00C04F79EFBC}") = "LinkedListDynamic", "LinkedListDynamic\LinkedListDynamic.csproj", "{59920B9C-79FA-400E-A7FE-64057C15FD21}"
EndProject
Project("{FAE04EC0-301F-11D3-BF4B-00C04F79EFBC}") = "IcecreamParlor", "IcecreamParlor\IcecreamParlor.csproj", "{C4E667A6-8442-464F-98F7-F6876027F2DE}"
EndProject
Project("{FAE04EC0-301F-11D3-BF4B-00C04F79EFBC}") = "Anagram", "Anagram\Anagram.csproj", "{052FFBDD-2747-402B-9602-3A83A27CADC5}"
EndProject
Project("{FAE04EC0-301F-11D3-BF4B-00C04F79EFBC}") = "StackExample", "Stack\StackExample.csproj", "{C50B4FAB-46D7-49FA-B5DF-643A1BC50B6A}"
EndProject
Project("{FAE04EC0-301F-11D3-BF4B-00C04F79EFBC}") = "QueueExample", "QueueExample\QueueExample.csproj", "{2EF19446-70F0-4561-8924-A9F3328941BB}"
EndProject
Project("{FAE04EC0-301F-11D3-BF4B-00C04F79EFBC}") = "MaximumElement", "MaximumElement\MaximumElement.csproj", "{8E854AC7-CDCC-47C8-9229-BBA2B61EFB90}"
EndProject
Project("{FAE04EC0-301F-11D3-BF4B-00C04F79EFBC}") = "ArrDiagonalDiff", "ArrDiagonalDiff\ArrDiagonalDiff.csproj", "{CD41AA36-34E9-45C2-B2BE-29C6B896E87B}"
EndProject
Project("{FAE04EC0-301F-11D3-BF4B-00C04F79EFBC}") = "BirthdayCakeCandles", "BirthdayCakeCandles\BirthdayCakeCandles.csproj", "{D9AFCAD0-A08F-4E94-B51A-611F26EB5347}"
EndProject
Project("{FAE04EC0-301F-11D3-BF4B-00C04F79EFBC}") = "GradingStudents", "GradingStudents\GradingStudents.csproj", "{8E1722D9-8460-4198-B34E-3343DC21619D}"
EndProject
Project("{FAE04EC0-301F-11D3-BF4B-00C04F79EFBC}") = "Kangroo", "Kangroo\Kangroo.csproj", "{530182E6-B9C2-4DB3-ADAF-29EA9A840CFD}"
EndProject
Project("{FAE04EC0-301F-11D3-BF4B-00C04F79EFBC}") = "AppleOrange", "AppleOrange\AppleOrange.csproj", "{34A7F0DD-0A6B-4DF7-99DC-D214274624DD}"
EndProject
Project("{FAE04EC0-301F-11D3-BF4B-00C04F79EFBC}") = "BreakingRecords", "BreakingRecords\BreakingRecords.csproj", "{3B9BC9E0-9AB0-4F82-B181-74092B099BCB}"
EndProject
Project("{FAE04EC0-301F-11D3-BF4B-00C04F79EFBC}") = "CamelCase", "CamelCase\CamelCase.csproj", "{FDECCDB8-6802-44F3-A74D-60604DA0F952}"
EndProject
Project("{FAE04EC0-301F-11D3-BF4B-00C04F79EFBC}") = "BirthdayChocolate", "BirthdayChocolate\BirthdayChocolate.csproj", "{97BB57D4-4E13-41C2-A23B-FD638140BB23}"
EndProject
Project("{FAE04EC0-301F-11D3-BF4B-00C04F79EFBC}") = "Palindrome", "Palindrome\Palindrome.csproj", "{A93CE828-B653-4316-8AEA-37067559870D}"
EndProject
Project("{FAE04EC0-301F-11D3-BF4B-00C04F79EFBC}") = "Fibonacci", "Fibonacci\Fibonacci.csproj", "{CAFDC92D-B809-4941-B607-3F23E31B164A}"
EndProject
Project("{FAE04EC0-301F-11D3-BF4B-00C04F79EFBC}") = "ArrayInputConsole", "ArrayInputConsole\ArrayInputConsole.csproj", "{C0403B68-5445-4A06-9669-E14A6C44239C}"
EndProject
Project("{FAE04EC0-301F-11D3-BF4B-00C04F79EFBC}") = "NumberReversal", "NumberReversal\NumberReversal.csproj", "{4599EBA3-BFD1-4802-A0AD-25E55B374C0C}"
EndProject
Project("{FAE04EC0-301F-11D3-BF4B-00C04F79EFBC}") = "CheckOddInRange", "CheckOddInRange\CheckOddInRange.csproj", "{F1194B3A-50C6-4DE8-9E4B-BAAC66842401}"
EndProject
Project("{FAE04EC0-301F-11D3-BF4B-00C04F79EFBC}") = "FizzBuzz", "FizzBuzz\FizzBuzz.csproj", "{043A0D54-96DD-49FB-910C-1E83DC20A93E}"
EndProject
Project("{FAE04EC0-301F-11D3-BF4B-00C04F79EFBC}") = "MarkAndToys", "MarkAndToys\MarkAndToys.csproj", "{D8B516C8-8DB5-4970-BC37-D0BB9C73FBA8}"
EndProject
Project("{FAE04EC0-301F-11D3-BF4B-00C04F79EFBC}") = "MakingAnagrams", "MakingAnagrams\MakingAnagrams.csproj", "{286E043B-BDB0-4F48-BC9B-F8C8E47172E5}"
EndProject
Project("{FAE04EC0-301F-11D3-BF4B-00C04F79EFBC}") = "AlternatingCharacters", "AlternatingCharacters\AlternatingCharacters.csproj", "{2BCDC163-110F-4F49-B2B1-DB0053458F3E}"
EndProject
Project("{9A19103F-16F7-4668-BE54-9A1E7A4F7556}") = "ClassLibrary1", "ClassLibrary1\ClassLibrary1.csproj", "{55D00311-0831-45B3-9A33-DB4147FBB918}"
EndProject
Project("{FAE04EC0-301F-11D3-BF4B-00C04F79EFBC}") = "nSeriesArithmeticProgression", "nSeriesArithmeticProgression\nSeriesArithmeticProgression.csproj", "{D2A92B59-7E15-4E93-A80E-49A479313528}"
EndProject
Project("{FAE04EC0-301F-11D3-BF4B-00C04F79EFBC}") = "nSeriesGeometricProgression", "nSeriesGeometricProgression\nSeriesGeometricProgression.csproj", "{48C07CEF-A07D-404A-A80A-23E030217DA9}"
EndProject
Project("{FAE04EC0-301F-11D3-BF4B-00C04F79EFBC}") = "LinkedList_Collections", "LinkedList_Collections\LinkedList_Collections.csproj", "{FD005F2E-6AD4-48AF-9BD2-251E102948D4}"
EndProject
Project("{FAE04EC0-301F-11D3-BF4B-00C04F79EFBC}") = "SubArrayDivision", "SubArrayDivision\SubArrayDivision.csproj", "{4C7008E2-E584-438A-B4BB-B199C45DF4CD}"
EndProject
Project("{FAE04EC0-301F-11D3-BF4B-00C04F79EFBC}") = "NestedLogic", "NestedLogic\NestedLogic.csproj", "{73B3DE8A-28ED-4567-8FC7-46667947B9D4}"
EndProject
Global
	GlobalSection(SolutionConfigurationPlatforms) = preSolution
		Debug|Any CPU = Debug|Any CPU
		Release|Any CPU = Release|Any CPU
	EndGlobalSection
	GlobalSection(ProjectConfigurationPlatforms) = postSolution
		{2C76605D-364F-4DA2-BC6C-04E55F88A17F}.Debug|Any CPU.ActiveCfg = Debug|Any CPU
		{2C76605D-364F-4DA2-BC6C-04E55F88A17F}.Debug|Any CPU.Build.0 = Debug|Any CPU
		{2C76605D-364F-4DA2-BC6C-04E55F88A17F}.Release|Any CPU.ActiveCfg = Release|Any CPU
		{2C76605D-364F-4DA2-BC6C-04E55F88A17F}.Release|Any CPU.Build.0 = Release|Any CPU
		{3A7158C1-D020-4257-BEE3-5E8B81AC57B7}.Debug|Any CPU.ActiveCfg = Debug|Any CPU
		{3A7158C1-D020-4257-BEE3-5E8B81AC57B7}.Debug|Any CPU.Build.0 = Debug|Any CPU
		{3A7158C1-D020-4257-BEE3-5E8B81AC57B7}.Release|Any CPU.ActiveCfg = Release|Any CPU
		{3A7158C1-D020-4257-BEE3-5E8B81AC57B7}.Release|Any CPU.Build.0 = Release|Any CPU
		{1423CABF-9128-4EC7-AC6F-BD2849094F99}.Debug|Any CPU.ActiveCfg = Debug|Any CPU
		{1423CABF-9128-4EC7-AC6F-BD2849094F99}.Debug|Any CPU.Build.0 = Debug|Any CPU
		{1423CABF-9128-4EC7-AC6F-BD2849094F99}.Release|Any CPU.ActiveCfg = Release|Any CPU
		{1423CABF-9128-4EC7-AC6F-BD2849094F99}.Release|Any CPU.Build.0 = Release|Any CPU
		{8641AFA6-1887-4398-B16B-367BCC69E222}.Debug|Any CPU.ActiveCfg = Debug|Any CPU
		{8641AFA6-1887-4398-B16B-367BCC69E222}.Debug|Any CPU.Build.0 = Debug|Any CPU
		{8641AFA6-1887-4398-B16B-367BCC69E222}.Release|Any CPU.ActiveCfg = Release|Any CPU
		{8641AFA6-1887-4398-B16B-367BCC69E222}.Release|Any CPU.Build.0 = Release|Any CPU
		{587B37DD-F60C-4232-85ED-740A486520ED}.Debug|Any CPU.ActiveCfg = Debug|Any CPU
		{587B37DD-F60C-4232-85ED-740A486520ED}.Debug|Any CPU.Build.0 = Debug|Any CPU
		{587B37DD-F60C-4232-85ED-740A486520ED}.Release|Any CPU.ActiveCfg = Release|Any CPU
		{587B37DD-F60C-4232-85ED-740A486520ED}.Release|Any CPU.Build.0 = Release|Any CPU
		{DCFC4EAE-3AFB-48D1-97A9-67FA1F36B679}.Debug|Any CPU.ActiveCfg = Debug|Any CPU
		{DCFC4EAE-3AFB-48D1-97A9-67FA1F36B679}.Debug|Any CPU.Build.0 = Debug|Any CPU
		{DCFC4EAE-3AFB-48D1-97A9-67FA1F36B679}.Release|Any CPU.ActiveCfg = Release|Any CPU
		{DCFC4EAE-3AFB-48D1-97A9-67FA1F36B679}.Release|Any CPU.Build.0 = Release|Any CPU
		{3A7E8713-82AA-4DEF-9A7D-2E4A1F94D55F}.Debug|Any CPU.ActiveCfg = Debug|Any CPU
		{3A7E8713-82AA-4DEF-9A7D-2E4A1F94D55F}.Debug|Any CPU.Build.0 = Debug|Any CPU
		{3A7E8713-82AA-4DEF-9A7D-2E4A1F94D55F}.Release|Any CPU.ActiveCfg = Release|Any CPU
		{3A7E8713-82AA-4DEF-9A7D-2E4A1F94D55F}.Release|Any CPU.Build.0 = Release|Any CPU
		{052A90A2-7935-4633-9318-E8F2372D9EA5}.Debug|Any CPU.ActiveCfg = Debug|Any CPU
		{052A90A2-7935-4633-9318-E8F2372D9EA5}.Debug|Any CPU.Build.0 = Debug|Any CPU
		{052A90A2-7935-4633-9318-E8F2372D9EA5}.Release|Any CPU.ActiveCfg = Release|Any CPU
		{052A90A2-7935-4633-9318-E8F2372D9EA5}.Release|Any CPU.Build.0 = Release|Any CPU
		{06BD4A79-BC81-446F-9B46-F9CEE77C9A09}.Debug|Any CPU.ActiveCfg = Debug|Any CPU
		{06BD4A79-BC81-446F-9B46-F9CEE77C9A09}.Debug|Any CPU.Build.0 = Debug|Any CPU
		{06BD4A79-BC81-446F-9B46-F9CEE77C9A09}.Release|Any CPU.ActiveCfg = Release|Any CPU
		{06BD4A79-BC81-446F-9B46-F9CEE77C9A09}.Release|Any CPU.Build.0 = Release|Any CPU
		{82C658B0-C6C2-49CB-81F8-AB98B1A74BC9}.Debug|Any CPU.ActiveCfg = Debug|Any CPU
		{82C658B0-C6C2-49CB-81F8-AB98B1A74BC9}.Debug|Any CPU.Build.0 = Debug|Any CPU
		{82C658B0-C6C2-49CB-81F8-AB98B1A74BC9}.Release|Any CPU.ActiveCfg = Release|Any CPU
		{82C658B0-C6C2-49CB-81F8-AB98B1A74BC9}.Release|Any CPU.Build.0 = Release|Any CPU
		{96D8AF99-3CC1-48E8-BAE6-5EB3036C6813}.Debug|Any CPU.ActiveCfg = Debug|Any CPU
		{96D8AF99-3CC1-48E8-BAE6-5EB3036C6813}.Debug|Any CPU.Build.0 = Debug|Any CPU
		{96D8AF99-3CC1-48E8-BAE6-5EB3036C6813}.Release|Any CPU.ActiveCfg = Release|Any CPU
		{96D8AF99-3CC1-48E8-BAE6-5EB3036C6813}.Release|Any CPU.Build.0 = Release|Any CPU
		{9F97D892-5D9E-425E-B452-027D6F3BEED9}.Debug|Any CPU.ActiveCfg = Debug|Any CPU
		{9F97D892-5D9E-425E-B452-027D6F3BEED9}.Debug|Any CPU.Build.0 = Debug|Any CPU
		{9F97D892-5D9E-425E-B452-027D6F3BEED9}.Release|Any CPU.ActiveCfg = Release|Any CPU
		{9F97D892-5D9E-425E-B452-027D6F3BEED9}.Release|Any CPU.Build.0 = Release|Any CPU
		{2A9ED0EC-6D32-499B-AF87-219068F9F894}.Debug|Any CPU.ActiveCfg = Debug|Any CPU
		{2A9ED0EC-6D32-499B-AF87-219068F9F894}.Debug|Any CPU.Build.0 = Debug|Any CPU
		{2A9ED0EC-6D32-499B-AF87-219068F9F894}.Release|Any CPU.ActiveCfg = Release|Any CPU
		{2A9ED0EC-6D32-499B-AF87-219068F9F894}.Release|Any CPU.Build.0 = Release|Any CPU
		{75505183-D584-4C9A-A5A8-AF5112F8EB35}.Debug|Any CPU.ActiveCfg = Debug|Any CPU
		{75505183-D584-4C9A-A5A8-AF5112F8EB35}.Debug|Any CPU.Build.0 = Debug|Any CPU
		{75505183-D584-4C9A-A5A8-AF5112F8EB35}.Release|Any CPU.ActiveCfg = Release|Any CPU
		{75505183-D584-4C9A-A5A8-AF5112F8EB35}.Release|Any CPU.Build.0 = Release|Any CPU
		{CD85F47F-7E39-4721-97E9-7A0AB39D1828}.Debug|Any CPU.ActiveCfg = Debug|Any CPU
		{CD85F47F-7E39-4721-97E9-7A0AB39D1828}.Debug|Any CPU.Build.0 = Debug|Any CPU
		{CD85F47F-7E39-4721-97E9-7A0AB39D1828}.Release|Any CPU.ActiveCfg = Release|Any CPU
		{CD85F47F-7E39-4721-97E9-7A0AB39D1828}.Release|Any CPU.Build.0 = Release|Any CPU
		{362BED80-9878-48B7-836E-D1B9F4AD3423}.Debug|Any CPU.ActiveCfg = Debug|Any CPU
		{362BED80-9878-48B7-836E-D1B9F4AD3423}.Debug|Any CPU.Build.0 = Debug|Any CPU
		{362BED80-9878-48B7-836E-D1B9F4AD3423}.Release|Any CPU.ActiveCfg = Release|Any CPU
		{362BED80-9878-48B7-836E-D1B9F4AD3423}.Release|Any CPU.Build.0 = Release|Any CPU
		{80963FFD-A7C7-482F-B715-8A7D666F644C}.Debug|Any CPU.ActiveCfg = Debug|Any CPU
		{80963FFD-A7C7-482F-B715-8A7D666F644C}.Debug|Any CPU.Build.0 = Debug|Any CPU
		{80963FFD-A7C7-482F-B715-8A7D666F644C}.Release|Any CPU.ActiveCfg = Release|Any CPU
		{80963FFD-A7C7-482F-B715-8A7D666F644C}.Release|Any CPU.Build.0 = Release|Any CPU
		{70BB35E0-3F55-4155-9EEF-563172D89A5F}.Debug|Any CPU.ActiveCfg = Debug|Any CPU
		{70BB35E0-3F55-4155-9EEF-563172D89A5F}.Debug|Any CPU.Build.0 = Debug|Any CPU
		{70BB35E0-3F55-4155-9EEF-563172D89A5F}.Release|Any CPU.ActiveCfg = Release|Any CPU
		{70BB35E0-3F55-4155-9EEF-563172D89A5F}.Release|Any CPU.Build.0 = Release|Any CPU
		{E74E54B3-5EF1-4BF7-9AD3-63B6967F8081}.Debug|Any CPU.ActiveCfg = Debug|Any CPU
		{E74E54B3-5EF1-4BF7-9AD3-63B6967F8081}.Debug|Any CPU.Build.0 = Debug|Any CPU
		{E74E54B3-5EF1-4BF7-9AD3-63B6967F8081}.Release|Any CPU.ActiveCfg = Release|Any CPU
		{E74E54B3-5EF1-4BF7-9AD3-63B6967F8081}.Release|Any CPU.Build.0 = Release|Any CPU
		{5101C9BE-35D4-4AE8-8813-4E03A3DA478B}.Debug|Any CPU.ActiveCfg = Debug|Any CPU
		{5101C9BE-35D4-4AE8-8813-4E03A3DA478B}.Debug|Any CPU.Build.0 = Debug|Any CPU
		{5101C9BE-35D4-4AE8-8813-4E03A3DA478B}.Release|Any CPU.ActiveCfg = Release|Any CPU
		{5101C9BE-35D4-4AE8-8813-4E03A3DA478B}.Release|Any CPU.Build.0 = Release|Any CPU
		{C7316668-FF05-4F4B-808E-97BC91392CE1}.Debug|Any CPU.ActiveCfg = Debug|Any CPU
		{C7316668-FF05-4F4B-808E-97BC91392CE1}.Debug|Any CPU.Build.0 = Debug|Any CPU
		{C7316668-FF05-4F4B-808E-97BC91392CE1}.Release|Any CPU.ActiveCfg = Release|Any CPU
		{C7316668-FF05-4F4B-808E-97BC91392CE1}.Release|Any CPU.Build.0 = Release|Any CPU
		{223E32B1-7D22-459D-8B1D-7CAD390C2737}.Debug|Any CPU.ActiveCfg = Debug|Any CPU
		{223E32B1-7D22-459D-8B1D-7CAD390C2737}.Debug|Any CPU.Build.0 = Debug|Any CPU
		{223E32B1-7D22-459D-8B1D-7CAD390C2737}.Release|Any CPU.ActiveCfg = Release|Any CPU
		{223E32B1-7D22-459D-8B1D-7CAD390C2737}.Release|Any CPU.Build.0 = Release|Any CPU
		{E6463424-C952-41E9-A9B0-AE0E99502827}.Debug|Any CPU.ActiveCfg = Debug|Any CPU
		{E6463424-C952-41E9-A9B0-AE0E99502827}.Debug|Any CPU.Build.0 = Debug|Any CPU
		{E6463424-C952-41E9-A9B0-AE0E99502827}.Release|Any CPU.ActiveCfg = Release|Any CPU
		{E6463424-C952-41E9-A9B0-AE0E99502827}.Release|Any CPU.Build.0 = Release|Any CPU
		{896F8733-B13A-43DD-A864-03FC8B610EA5}.Debug|Any CPU.ActiveCfg = Debug|Any CPU
		{896F8733-B13A-43DD-A864-03FC8B610EA5}.Debug|Any CPU.Build.0 = Debug|Any CPU
		{896F8733-B13A-43DD-A864-03FC8B610EA5}.Release|Any CPU.ActiveCfg = Release|Any CPU
		{896F8733-B13A-43DD-A864-03FC8B610EA5}.Release|Any CPU.Build.0 = Release|Any CPU
		{E05DDE53-B6A9-4B02-BDD1-CDC258105E9E}.Debug|Any CPU.ActiveCfg = Debug|Any CPU
		{E05DDE53-B6A9-4B02-BDD1-CDC258105E9E}.Debug|Any CPU.Build.0 = Debug|Any CPU
		{E05DDE53-B6A9-4B02-BDD1-CDC258105E9E}.Release|Any CPU.ActiveCfg = Release|Any CPU
		{E05DDE53-B6A9-4B02-BDD1-CDC258105E9E}.Release|Any CPU.Build.0 = Release|Any CPU
		{9B7DA857-699B-49E9-BC5C-2441BC2F5B8C}.Debug|Any CPU.ActiveCfg = Debug|Any CPU
		{9B7DA857-699B-49E9-BC5C-2441BC2F5B8C}.Debug|Any CPU.Build.0 = Debug|Any CPU
		{9B7DA857-699B-49E9-BC5C-2441BC2F5B8C}.Release|Any CPU.ActiveCfg = Release|Any CPU
		{9B7DA857-699B-49E9-BC5C-2441BC2F5B8C}.Release|Any CPU.Build.0 = Release|Any CPU
		{EB6B5FE9-AA92-4332-BCCB-D04A692CFBF5}.Debug|Any CPU.ActiveCfg = Debug|Any CPU
		{EB6B5FE9-AA92-4332-BCCB-D04A692CFBF5}.Debug|Any CPU.Build.0 = Debug|Any CPU
		{EB6B5FE9-AA92-4332-BCCB-D04A692CFBF5}.Release|Any CPU.ActiveCfg = Release|Any CPU
		{EB6B5FE9-AA92-4332-BCCB-D04A692CFBF5}.Release|Any CPU.Build.0 = Release|Any CPU
		{4E4D72CC-E852-4110-91D0-2A3E480A430A}.Debug|Any CPU.ActiveCfg = Debug|Any CPU
		{4E4D72CC-E852-4110-91D0-2A3E480A430A}.Debug|Any CPU.Build.0 = Debug|Any CPU
		{4E4D72CC-E852-4110-91D0-2A3E480A430A}.Release|Any CPU.ActiveCfg = Release|Any CPU
		{4E4D72CC-E852-4110-91D0-2A3E480A430A}.Release|Any CPU.Build.0 = Release|Any CPU
		{6422CC38-F4A6-4403-93FE-4BF228EF1C01}.Debug|Any CPU.ActiveCfg = Debug|Any CPU
		{6422CC38-F4A6-4403-93FE-4BF228EF1C01}.Debug|Any CPU.Build.0 = Debug|Any CPU
		{6422CC38-F4A6-4403-93FE-4BF228EF1C01}.Release|Any CPU.ActiveCfg = Release|Any CPU
		{6422CC38-F4A6-4403-93FE-4BF228EF1C01}.Release|Any CPU.Build.0 = Release|Any CPU
		{49BBF927-4A66-4603-9AA0-FE2D03CC1C76}.Debug|Any CPU.ActiveCfg = Debug|Any CPU
		{49BBF927-4A66-4603-9AA0-FE2D03CC1C76}.Debug|Any CPU.Build.0 = Debug|Any CPU
		{49BBF927-4A66-4603-9AA0-FE2D03CC1C76}.Release|Any CPU.ActiveCfg = Release|Any CPU
		{49BBF927-4A66-4603-9AA0-FE2D03CC1C76}.Release|Any CPU.Build.0 = Release|Any CPU
		{A41E3414-4443-4816-8E3C-40813F50677B}.Debug|Any CPU.ActiveCfg = Debug|Any CPU
		{A41E3414-4443-4816-8E3C-40813F50677B}.Debug|Any CPU.Build.0 = Debug|Any CPU
		{A41E3414-4443-4816-8E3C-40813F50677B}.Release|Any CPU.ActiveCfg = Release|Any CPU
		{A41E3414-4443-4816-8E3C-40813F50677B}.Release|Any CPU.Build.0 = Release|Any CPU
		{91371575-EE53-49D4-A573-C580F4B2D1B7}.Debug|Any CPU.ActiveCfg = Debug|Any CPU
		{91371575-EE53-49D4-A573-C580F4B2D1B7}.Debug|Any CPU.Build.0 = Debug|Any CPU
		{91371575-EE53-49D4-A573-C580F4B2D1B7}.Release|Any CPU.ActiveCfg = Release|Any CPU
		{91371575-EE53-49D4-A573-C580F4B2D1B7}.Release|Any CPU.Build.0 = Release|Any CPU
		{59920B9C-79FA-400E-A7FE-64057C15FD21}.Debug|Any CPU.ActiveCfg = Debug|Any CPU
		{59920B9C-79FA-400E-A7FE-64057C15FD21}.Debug|Any CPU.Build.0 = Debug|Any CPU
		{59920B9C-79FA-400E-A7FE-64057C15FD21}.Release|Any CPU.ActiveCfg = Release|Any CPU
		{59920B9C-79FA-400E-A7FE-64057C15FD21}.Release|Any CPU.Build.0 = Release|Any CPU
		{C4E667A6-8442-464F-98F7-F6876027F2DE}.Debug|Any CPU.ActiveCfg = Debug|Any CPU
		{C4E667A6-8442-464F-98F7-F6876027F2DE}.Debug|Any CPU.Build.0 = Debug|Any CPU
		{C4E667A6-8442-464F-98F7-F6876027F2DE}.Release|Any CPU.ActiveCfg = Release|Any CPU
		{C4E667A6-8442-464F-98F7-F6876027F2DE}.Release|Any CPU.Build.0 = Release|Any CPU
		{052FFBDD-2747-402B-9602-3A83A27CADC5}.Debug|Any CPU.ActiveCfg = Debug|Any CPU
		{052FFBDD-2747-402B-9602-3A83A27CADC5}.Debug|Any CPU.Build.0 = Debug|Any CPU
		{052FFBDD-2747-402B-9602-3A83A27CADC5}.Release|Any CPU.ActiveCfg = Release|Any CPU
		{052FFBDD-2747-402B-9602-3A83A27CADC5}.Release|Any CPU.Build.0 = Release|Any CPU
		{C50B4FAB-46D7-49FA-B5DF-643A1BC50B6A}.Debug|Any CPU.ActiveCfg = Debug|Any CPU
		{C50B4FAB-46D7-49FA-B5DF-643A1BC50B6A}.Debug|Any CPU.Build.0 = Debug|Any CPU
		{C50B4FAB-46D7-49FA-B5DF-643A1BC50B6A}.Release|Any CPU.ActiveCfg = Release|Any CPU
		{C50B4FAB-46D7-49FA-B5DF-643A1BC50B6A}.Release|Any CPU.Build.0 = Release|Any CPU
		{2EF19446-70F0-4561-8924-A9F3328941BB}.Debug|Any CPU.ActiveCfg = Debug|Any CPU
		{2EF19446-70F0-4561-8924-A9F3328941BB}.Debug|Any CPU.Build.0 = Debug|Any CPU
		{2EF19446-70F0-4561-8924-A9F3328941BB}.Release|Any CPU.ActiveCfg = Release|Any CPU
		{2EF19446-70F0-4561-8924-A9F3328941BB}.Release|Any CPU.Build.0 = Release|Any CPU
		{8E854AC7-CDCC-47C8-9229-BBA2B61EFB90}.Debug|Any CPU.ActiveCfg = Debug|Any CPU
		{8E854AC7-CDCC-47C8-9229-BBA2B61EFB90}.Debug|Any CPU.Build.0 = Debug|Any CPU
		{8E854AC7-CDCC-47C8-9229-BBA2B61EFB90}.Release|Any CPU.ActiveCfg = Release|Any CPU
		{8E854AC7-CDCC-47C8-9229-BBA2B61EFB90}.Release|Any CPU.Build.0 = Release|Any CPU
		{CD41AA36-34E9-45C2-B2BE-29C6B896E87B}.Debug|Any CPU.ActiveCfg = Debug|Any CPU
		{CD41AA36-34E9-45C2-B2BE-29C6B896E87B}.Debug|Any CPU.Build.0 = Debug|Any CPU
		{CD41AA36-34E9-45C2-B2BE-29C6B896E87B}.Release|Any CPU.ActiveCfg = Release|Any CPU
		{CD41AA36-34E9-45C2-B2BE-29C6B896E87B}.Release|Any CPU.Build.0 = Release|Any CPU
		{D9AFCAD0-A08F-4E94-B51A-611F26EB5347}.Debug|Any CPU.ActiveCfg = Debug|Any CPU
		{D9AFCAD0-A08F-4E94-B51A-611F26EB5347}.Debug|Any CPU.Build.0 = Debug|Any CPU
		{D9AFCAD0-A08F-4E94-B51A-611F26EB5347}.Release|Any CPU.ActiveCfg = Release|Any CPU
		{D9AFCAD0-A08F-4E94-B51A-611F26EB5347}.Release|Any CPU.Build.0 = Release|Any CPU
		{8E1722D9-8460-4198-B34E-3343DC21619D}.Debug|Any CPU.ActiveCfg = Debug|Any CPU
		{8E1722D9-8460-4198-B34E-3343DC21619D}.Debug|Any CPU.Build.0 = Debug|Any CPU
		{8E1722D9-8460-4198-B34E-3343DC21619D}.Release|Any CPU.ActiveCfg = Release|Any CPU
		{8E1722D9-8460-4198-B34E-3343DC21619D}.Release|Any CPU.Build.0 = Release|Any CPU
		{530182E6-B9C2-4DB3-ADAF-29EA9A840CFD}.Debug|Any CPU.ActiveCfg = Debug|Any CPU
		{530182E6-B9C2-4DB3-ADAF-29EA9A840CFD}.Debug|Any CPU.Build.0 = Debug|Any CPU
		{530182E6-B9C2-4DB3-ADAF-29EA9A840CFD}.Release|Any CPU.ActiveCfg = Release|Any CPU
		{530182E6-B9C2-4DB3-ADAF-29EA9A840CFD}.Release|Any CPU.Build.0 = Release|Any CPU
		{34A7F0DD-0A6B-4DF7-99DC-D214274624DD}.Debug|Any CPU.ActiveCfg = Debug|Any CPU
		{34A7F0DD-0A6B-4DF7-99DC-D214274624DD}.Debug|Any CPU.Build.0 = Debug|Any CPU
		{34A7F0DD-0A6B-4DF7-99DC-D214274624DD}.Release|Any CPU.ActiveCfg = Release|Any CPU
		{34A7F0DD-0A6B-4DF7-99DC-D214274624DD}.Release|Any CPU.Build.0 = Release|Any CPU
		{3B9BC9E0-9AB0-4F82-B181-74092B099BCB}.Debug|Any CPU.ActiveCfg = Debug|Any CPU
		{3B9BC9E0-9AB0-4F82-B181-74092B099BCB}.Debug|Any CPU.Build.0 = Debug|Any CPU
		{3B9BC9E0-9AB0-4F82-B181-74092B099BCB}.Release|Any CPU.ActiveCfg = Release|Any CPU
		{3B9BC9E0-9AB0-4F82-B181-74092B099BCB}.Release|Any CPU.Build.0 = Release|Any CPU
		{FDECCDB8-6802-44F3-A74D-60604DA0F952}.Debug|Any CPU.ActiveCfg = Debug|Any CPU
		{FDECCDB8-6802-44F3-A74D-60604DA0F952}.Debug|Any CPU.Build.0 = Debug|Any CPU
		{FDECCDB8-6802-44F3-A74D-60604DA0F952}.Release|Any CPU.ActiveCfg = Release|Any CPU
		{FDECCDB8-6802-44F3-A74D-60604DA0F952}.Release|Any CPU.Build.0 = Release|Any CPU
		{97BB57D4-4E13-41C2-A23B-FD638140BB23}.Debug|Any CPU.ActiveCfg = Debug|Any CPU
		{97BB57D4-4E13-41C2-A23B-FD638140BB23}.Debug|Any CPU.Build.0 = Debug|Any CPU
		{97BB57D4-4E13-41C2-A23B-FD638140BB23}.Release|Any CPU.ActiveCfg = Release|Any CPU
		{97BB57D4-4E13-41C2-A23B-FD638140BB23}.Release|Any CPU.Build.0 = Release|Any CPU
		{A93CE828-B653-4316-8AEA-37067559870D}.Debug|Any CPU.ActiveCfg = Debug|Any CPU
		{A93CE828-B653-4316-8AEA-37067559870D}.Debug|Any CPU.Build.0 = Debug|Any CPU
		{A93CE828-B653-4316-8AEA-37067559870D}.Release|Any CPU.ActiveCfg = Release|Any CPU
		{A93CE828-B653-4316-8AEA-37067559870D}.Release|Any CPU.Build.0 = Release|Any CPU
		{CAFDC92D-B809-4941-B607-3F23E31B164A}.Debug|Any CPU.ActiveCfg = Debug|Any CPU
		{CAFDC92D-B809-4941-B607-3F23E31B164A}.Debug|Any CPU.Build.0 = Debug|Any CPU
		{CAFDC92D-B809-4941-B607-3F23E31B164A}.Release|Any CPU.ActiveCfg = Release|Any CPU
		{CAFDC92D-B809-4941-B607-3F23E31B164A}.Release|Any CPU.Build.0 = Release|Any CPU
		{C0403B68-5445-4A06-9669-E14A6C44239C}.Debug|Any CPU.ActiveCfg = Debug|Any CPU
		{C0403B68-5445-4A06-9669-E14A6C44239C}.Debug|Any CPU.Build.0 = Debug|Any CPU
		{C0403B68-5445-4A06-9669-E14A6C44239C}.Release|Any CPU.ActiveCfg = Release|Any CPU
		{C0403B68-5445-4A06-9669-E14A6C44239C}.Release|Any CPU.Build.0 = Release|Any CPU
		{4599EBA3-BFD1-4802-A0AD-25E55B374C0C}.Debug|Any CPU.ActiveCfg = Debug|Any CPU
		{4599EBA3-BFD1-4802-A0AD-25E55B374C0C}.Debug|Any CPU.Build.0 = Debug|Any CPU
		{4599EBA3-BFD1-4802-A0AD-25E55B374C0C}.Release|Any CPU.ActiveCfg = Release|Any CPU
		{4599EBA3-BFD1-4802-A0AD-25E55B374C0C}.Release|Any CPU.Build.0 = Release|Any CPU
		{F1194B3A-50C6-4DE8-9E4B-BAAC66842401}.Debug|Any CPU.ActiveCfg = Debug|Any CPU
		{F1194B3A-50C6-4DE8-9E4B-BAAC66842401}.Debug|Any CPU.Build.0 = Debug|Any CPU
		{F1194B3A-50C6-4DE8-9E4B-BAAC66842401}.Release|Any CPU.ActiveCfg = Release|Any CPU
		{F1194B3A-50C6-4DE8-9E4B-BAAC66842401}.Release|Any CPU.Build.0 = Release|Any CPU
		{043A0D54-96DD-49FB-910C-1E83DC20A93E}.Debug|Any CPU.ActiveCfg = Debug|Any CPU
		{043A0D54-96DD-49FB-910C-1E83DC20A93E}.Debug|Any CPU.Build.0 = Debug|Any CPU
		{043A0D54-96DD-49FB-910C-1E83DC20A93E}.Release|Any CPU.ActiveCfg = Release|Any CPU
		{043A0D54-96DD-49FB-910C-1E83DC20A93E}.Release|Any CPU.Build.0 = Release|Any CPU
		{D8B516C8-8DB5-4970-BC37-D0BB9C73FBA8}.Debug|Any CPU.ActiveCfg = Debug|Any CPU
		{D8B516C8-8DB5-4970-BC37-D0BB9C73FBA8}.Debug|Any CPU.Build.0 = Debug|Any CPU
		{D8B516C8-8DB5-4970-BC37-D0BB9C73FBA8}.Release|Any CPU.ActiveCfg = Release|Any CPU
		{D8B516C8-8DB5-4970-BC37-D0BB9C73FBA8}.Release|Any CPU.Build.0 = Release|Any CPU
		{286E043B-BDB0-4F48-BC9B-F8C8E47172E5}.Debug|Any CPU.ActiveCfg = Debug|Any CPU
		{286E043B-BDB0-4F48-BC9B-F8C8E47172E5}.Debug|Any CPU.Build.0 = Debug|Any CPU
		{286E043B-BDB0-4F48-BC9B-F8C8E47172E5}.Release|Any CPU.ActiveCfg = Release|Any CPU
		{286E043B-BDB0-4F48-BC9B-F8C8E47172E5}.Release|Any CPU.Build.0 = Release|Any CPU
		{2BCDC163-110F-4F49-B2B1-DB0053458F3E}.Debug|Any CPU.ActiveCfg = Debug|Any CPU
		{2BCDC163-110F-4F49-B2B1-DB0053458F3E}.Debug|Any CPU.Build.0 = Debug|Any CPU
		{2BCDC163-110F-4F49-B2B1-DB0053458F3E}.Release|Any CPU.ActiveCfg = Release|Any CPU
		{2BCDC163-110F-4F49-B2B1-DB0053458F3E}.Release|Any CPU.Build.0 = Release|Any CPU
		{55D00311-0831-45B3-9A33-DB4147FBB918}.Debug|Any CPU.ActiveCfg = Debug|Any CPU
		{55D00311-0831-45B3-9A33-DB4147FBB918}.Debug|Any CPU.Build.0 = Debug|Any CPU
		{55D00311-0831-45B3-9A33-DB4147FBB918}.Release|Any CPU.ActiveCfg = Release|Any CPU
		{55D00311-0831-45B3-9A33-DB4147FBB918}.Release|Any CPU.Build.0 = Release|Any CPU
		{D2A92B59-7E15-4E93-A80E-49A479313528}.Debug|Any CPU.ActiveCfg = Debug|Any CPU
		{D2A92B59-7E15-4E93-A80E-49A479313528}.Debug|Any CPU.Build.0 = Debug|Any CPU
		{D2A92B59-7E15-4E93-A80E-49A479313528}.Release|Any CPU.ActiveCfg = Release|Any CPU
		{D2A92B59-7E15-4E93-A80E-49A479313528}.Release|Any CPU.Build.0 = Release|Any CPU
		{48C07CEF-A07D-404A-A80A-23E030217DA9}.Debug|Any CPU.ActiveCfg = Debug|Any CPU
		{48C07CEF-A07D-404A-A80A-23E030217DA9}.Debug|Any CPU.Build.0 = Debug|Any CPU
		{48C07CEF-A07D-404A-A80A-23E030217DA9}.Release|Any CPU.ActiveCfg = Release|Any CPU
		{48C07CEF-A07D-404A-A80A-23E030217DA9}.Release|Any CPU.Build.0 = Release|Any CPU
		{FD005F2E-6AD4-48AF-9BD2-251E102948D4}.Debug|Any CPU.ActiveCfg = Debug|Any CPU
		{FD005F2E-6AD4-48AF-9BD2-251E102948D4}.Debug|Any CPU.Build.0 = Debug|Any CPU
		{FD005F2E-6AD4-48AF-9BD2-251E102948D4}.Release|Any CPU.ActiveCfg = Release|Any CPU
		{FD005F2E-6AD4-48AF-9BD2-251E102948D4}.Release|Any CPU.Build.0 = Release|Any CPU
		{4C7008E2-E584-438A-B4BB-B199C45DF4CD}.Debug|Any CPU.ActiveCfg = Debug|Any CPU
		{4C7008E2-E584-438A-B4BB-B199C45DF4CD}.Debug|Any CPU.Build.0 = Debug|Any CPU
		{4C7008E2-E584-438A-B4BB-B199C45DF4CD}.Release|Any CPU.ActiveCfg = Release|Any CPU
		{4C7008E2-E584-438A-B4BB-B199C45DF4CD}.Release|Any CPU.Build.0 = Release|Any CPU
		{73B3DE8A-28ED-4567-8FC7-46667947B9D4}.Debug|Any CPU.ActiveCfg = Debug|Any CPU
		{73B3DE8A-28ED-4567-8FC7-46667947B9D4}.Debug|Any CPU.Build.0 = Debug|Any CPU
		{73B3DE8A-28ED-4567-8FC7-46667947B9D4}.Release|Any CPU.ActiveCfg = Release|Any CPU
		{73B3DE8A-28ED-4567-8FC7-46667947B9D4}.Release|Any CPU.Build.0 = Release|Any CPU
	EndGlobalSection
	GlobalSection(SolutionProperties) = preSolution
		HideSolutionNode = FALSE
	EndGlobalSection
	GlobalSection(ExtensibilityGlobals) = postSolution
		SolutionGuid = {B4443AA5-C293-40DA-AE26-BF07E6257568}
	EndGlobalSection
EndGlobal
